// !$*UTF8*$!
{
	archiveVersion = 1;
	classes = {
	};
	objectVersion = 46;
	objects = {

/* Begin PBXBuildFile section */
		03544E5F199E649300F3EC01 /* Foundation.framework in Frameworks */ = {isa = PBXBuildFile; fileRef = 03544E5E199E649300F3EC01 /* Foundation.framework */; };
		03544E61199E649300F3EC01 /* CoreGraphics.framework in Frameworks */ = {isa = PBXBuildFile; fileRef = 03544E60199E649300F3EC01 /* CoreGraphics.framework */; };
		03544E63199E649300F3EC01 /* UIKit.framework in Frameworks */ = {isa = PBXBuildFile; fileRef = 03544E62199E649300F3EC01 /* UIKit.framework */; };
		03544E69199E649300F3EC01 /* InfoPlist.strings in Resources */ = {isa = PBXBuildFile; fileRef = 03544E67199E649300F3EC01 /* InfoPlist.strings */; };
		03544E6B199E649300F3EC01 /* main.m in Sources */ = {isa = PBXBuildFile; fileRef = 03544E6A199E649300F3EC01 /* main.m */; };
		03544E6F199E649300F3EC01 /* AppDelegate.m in Sources */ = {isa = PBXBuildFile; fileRef = 03544E6E199E649300F3EC01 /* AppDelegate.m */; };
		03544E71199E649300F3EC01 /* Images.xcassets in Resources */ = {isa = PBXBuildFile; fileRef = 03544E70199E649300F3EC01 /* Images.xcassets */; };
		03544E78199E649300F3EC01 /* XCTest.framework in Frameworks */ = {isa = PBXBuildFile; fileRef = 03544E77199E649300F3EC01 /* XCTest.framework */; };
		03544E79199E649300F3EC01 /* Foundation.framework in Frameworks */ = {isa = PBXBuildFile; fileRef = 03544E5E199E649300F3EC01 /* Foundation.framework */; };
		03544E7A199E649300F3EC01 /* UIKit.framework in Frameworks */ = {isa = PBXBuildFile; fileRef = 03544E62199E649300F3EC01 /* UIKit.framework */; };
		03544E82199E649300F3EC01 /* InfoPlist.strings in Resources */ = {isa = PBXBuildFile; fileRef = 03544E80199E649300F3EC01 /* InfoPlist.strings */; };
		03544E84199E649300F3EC01 /* JenkinsTestTests.m in Sources */ = {isa = PBXBuildFile; fileRef = 03544E83199E649300F3EC01 /* JenkinsTestTests.m */; };
/* End PBXBuildFile section */

/* Begin PBXContainerItemProxy section */
		03544E7B199E649300F3EC01 /* PBXContainerItemProxy */ = {
			isa = PBXContainerItemProxy;
			containerPortal = 03544E53199E649300F3EC01 /* Project object */;
			proxyType = 1;
			remoteGlobalIDString = 03544E5A199E649300F3EC01;
			remoteInfo = JenkinsTest;
		};
/* End PBXContainerItemProxy section */

/* Begin PBXFileReference section */
		03544E5B199E649300F3EC01 /* JenkinsTest.app */ = {isa = PBXFileReference; explicitFileType = wrapper.application; includeInIndex = 0; path = JenkinsTest.app; sourceTree = BUILT_PRODUCTS_DIR; };
		03544E5E199E649300F3EC01 /* Foundation.framework */ = {isa = PBXFileReference; lastKnownFileType = wrapper.framework; name = Foundation.framework; path = System/Library/Frameworks/Foundation.framework; sourceTree = SDKROOT; };
		03544E60199E649300F3EC01 /* CoreGraphics.framework */ = {isa = PBXFileReference; lastKnownFileType = wrapper.framework; name = CoreGraphics.framework; path = System/Library/Frameworks/CoreGraphics.framework; sourceTree = SDKROOT; };
		03544E62199E649300F3EC01 /* UIKit.framework */ = {isa = PBXFileReference; lastKnownFileType = wrapper.framework; name = UIKit.framework; path = System/Library/Frameworks/UIKit.framework; sourceTree = SDKROOT; };
		03544E66199E649300F3EC01 /* JenkinsTest-Info.plist */ = {isa = PBXFileReference; lastKnownFileType = text.plist.xml; path = "JenkinsTest-Info.plist"; sourceTree = "<group>"; };
		03544E68199E649300F3EC01 /* en */ = {isa = PBXFileReference; lastKnownFileType = text.plist.strings; name = en; path = en.lproj/InfoPlist.strings; sourceTree = "<group>"; };
		03544E6A199E649300F3EC01 /* main.m */ = {isa = PBXFileReference; lastKnownFileType = sourcecode.c.objc; path = main.m; sourceTree = "<group>"; };
		03544E6C199E649300F3EC01 /* JenkinsTest-Prefix.pch */ = {isa = PBXFileReference; lastKnownFileType = sourcecode.c.h; path = "JenkinsTest-Prefix.pch"; sourceTree = "<group>"; };
		03544E6D199E649300F3EC01 /* AppDelegate.h */ = {isa = PBXFileReference; lastKnownFileType = sourcecode.c.h; path = AppDelegate.h; sourceTree = "<group>"; };
		03544E6E199E649300F3EC01 /* AppDelegate.m */ = {isa = PBXFileReference; lastKnownFileType = sourcecode.c.objc; path = AppDelegate.m; sourceTree = "<group>"; };
		03544E70199E649300F3EC01 /* Images.xcassets */ = {isa = PBXFileReference; lastKnownFileType = folder.assetcatalog; path = Images.xcassets; sourceTree = "<group>"; };
		03544E76199E649300F3EC01 /* JenkinsTestTests.xctest */ = {isa = PBXFileReference; explicitFileType = wrapper.cfbundle; includeInIndex = 0; path = JenkinsTestTests.xctest; sourceTree = BUILT_PRODUCTS_DIR; };
		03544E77199E649300F3EC01 /* XCTest.framework */ = {isa = PBXFileReference; lastKnownFileType = wrapper.framework; name = XCTest.framework; path = Library/Frameworks/XCTest.framework; sourceTree = DEVELOPER_DIR; };
		03544E7F199E649300F3EC01 /* JenkinsTestTests-Info.plist */ = {isa = PBXFileReference; lastKnownFileType = text.plist.xml; path = "JenkinsTestTests-Info.plist"; sourceTree = "<group>"; };
		03544E81199E649300F3EC01 /* en */ = {isa = PBXFileReference; lastKnownFileType = text.plist.strings; name = en; path = en.lproj/InfoPlist.strings; sourceTree = "<group>"; };
		03544E83199E649300F3EC01 /* JenkinsTestTests.m */ = {isa = PBXFileReference; lastKnownFileType = sourcecode.c.objc; path = JenkinsTestTests.m; sourceTree = "<group>"; };
/* End PBXFileReference section */

/* Begin PBXFrameworksBuildPhase section */
		03544E58199E649300F3EC01 /* Frameworks */ = {
			isa = PBXFrameworksBuildPhase;
			buildActionMask = 2147483647;
			files = (
				03544E61199E649300F3EC01 /* CoreGraphics.framework in Frameworks */,
				03544E63199E649300F3EC01 /* UIKit.framework in Frameworks */,
				03544E5F199E649300F3EC01 /* Foundation.framework in Frameworks */,
			);
			runOnlyForDeploymentPostprocessing = 0;
		};
		03544E73199E649300F3EC01 /* Frameworks */ = {
			isa = PBXFrameworksBuildPhase;
			buildActionMask = 2147483647;
			files = (
				03544E78199E649300F3EC01 /* XCTest.framework in Frameworks */,
				03544E7A199E649300F3EC01 /* UIKit.framework in Frameworks */,
				03544E79199E649300F3EC01 /* Foundation.framework in Frameworks */,
			);
			runOnlyForDeploymentPostprocessing = 0;
		};
/* End PBXFrameworksBuildPhase section */

/* Begin PBXGroup section */
		03544E52199E649300F3EC01 = {
			isa = PBXGroup;
			children = (
				03544E64199E649300F3EC01 /* JenkinsTest */,
				03544E7D199E649300F3EC01 /* JenkinsTestTests */,
				03544E5D199E649300F3EC01 /* Frameworks */,
				03544E5C199E649300F3EC01 /* Products */,
			);
			sourceTree = "<group>";
		};
		03544E5C199E649300F3EC01 /* Products */ = {
			isa = PBXGroup;
			children = (
				03544E5B199E649300F3EC01 /* JenkinsTest.app */,
				03544E76199E649300F3EC01 /* JenkinsTestTests.xctest */,
			);
			name = Products;
			sourceTree = "<group>";
		};
		03544E5D199E649300F3EC01 /* Frameworks */ = {
			isa = PBXGroup;
			children = (
				03544E5E199E649300F3EC01 /* Foundation.framework */,
				03544E60199E649300F3EC01 /* CoreGraphics.framework */,
				03544E62199E649300F3EC01 /* UIKit.framework */,
				03544E77199E649300F3EC01 /* XCTest.framework */,
			);
			name = Frameworks;
			sourceTree = "<group>";
		};
		03544E64199E649300F3EC01 /* JenkinsTest */ = {
			isa = PBXGroup;
			children = (
				03544E6D199E649300F3EC01 /* AppDelegate.h */,
				03544E6E199E649300F3EC01 /* AppDelegate.m */,
				03544E70199E649300F3EC01 /* Images.xcassets */,
				03544E65199E649300F3EC01 /* Supporting Files */,
			);
			path = JenkinsTest;
			sourceTree = "<group>";
		};
		03544E65199E649300F3EC01 /* Supporting Files */ = {
			isa = PBXGroup;
			children = (
				03544E66199E649300F3EC01 /* JenkinsTest-Info.plist */,
				03544E67199E649300F3EC01 /* InfoPlist.strings */,
				03544E6A199E649300F3EC01 /* main.m */,
				03544E6C199E649300F3EC01 /* JenkinsTest-Prefix.pch */,
			);
			name = "Supporting Files";
			sourceTree = "<group>";
		};
		03544E7D199E649300F3EC01 /* JenkinsTestTests */ = {
			isa = PBXGroup;
			children = (
				03544E83199E649300F3EC01 /* JenkinsTestTests.m */,
				03544E7E199E649300F3EC01 /* Supporting Files */,
			);
			path = JenkinsTestTests;
			sourceTree = "<group>";
		};
		03544E7E199E649300F3EC01 /* Supporting Files */ = {
			isa = PBXGroup;
			children = (
				03544E7F199E649300F3EC01 /* JenkinsTestTests-Info.plist */,
				03544E80199E649300F3EC01 /* InfoPlist.strings */,
			);
			name = "Supporting Files";
			sourceTree = "<group>";
		};
/* End PBXGroup section */

/* Begin PBXNativeTarget section */
		03544E5A199E649300F3EC01 /* JenkinsTest */ = {
			isa = PBXNativeTarget;
			buildConfigurationList = 03544E87199E649300F3EC01 /* Build configuration list for PBXNativeTarget "JenkinsTest" */;
			buildPhases = (
				03544E57199E649300F3EC01 /* Sources */,
				03544E58199E649300F3EC01 /* Frameworks */,
				03544E59199E649300F3EC01 /* Resources */,
			);
			buildRules = (
			);
			dependencies = (
			);
			name = JenkinsTest;
			productName = JenkinsTest;
			productReference = 03544E5B199E649300F3EC01 /* JenkinsTest.app */;
			productType = "com.apple.product-type.application";
		};
		03544E75199E649300F3EC01 /* JenkinsTestTests */ = {
			isa = PBXNativeTarget;
			buildConfigurationList = 03544E8A199E649300F3EC01 /* Build configuration list for PBXNativeTarget "JenkinsTestTests" */;
			buildPhases = (
				03544E72199E649300F3EC01 /* Sources */,
				03544E73199E649300F3EC01 /* Frameworks */,
				03544E74199E649300F3EC01 /* Resources */,
			);
			buildRules = (
			);
			dependencies = (
				03544E7C199E649300F3EC01 /* PBXTargetDependency */,
			);
			name = JenkinsTestTests;
			productName = JenkinsTestTests;
			productReference = 03544E76199E649300F3EC01 /* JenkinsTestTests.xctest */;
			productType = "com.apple.product-type.bundle.unit-test";
		};
/* End PBXNativeTarget section */

/* Begin PBXProject section */
		03544E53199E649300F3EC01 /* Project object */ = {
			isa = PBXProject;
			attributes = {
				LastUpgradeCheck = 0510;
				ORGANIZATIONNAME = "American Express";
				TargetAttributes = {
					03544E75199E649300F3EC01 = {
						TestTargetID = 03544E5A199E649300F3EC01;
					};
				};
			};
			buildConfigurationList = 03544E56199E649300F3EC01 /* Build configuration list for PBXProject "JenkinsTest" */;
			compatibilityVersion = "Xcode 3.2";
			developmentRegion = English;
			hasScannedForEncodings = 0;
			knownRegions = (
				en,
			);
			mainGroup = 03544E52199E649300F3EC01;
			productRefGroup = 03544E5C199E649300F3EC01 /* Products */;
			projectDirPath = "";
			projectRoot = "";
			targets = (
				03544E5A199E649300F3EC01 /* JenkinsTest */,
				03544E75199E649300F3EC01 /* JenkinsTestTests */,
			);
		};
/* End PBXProject section */

/* Begin PBXResourcesBuildPhase section */
		03544E59199E649300F3EC01 /* Resources */ = {
			isa = PBXResourcesBuildPhase;
			buildActionMask = 2147483647;
			files = (
				03544E69199E649300F3EC01 /* InfoPlist.strings in Resources */,
				03544E71199E649300F3EC01 /* Images.xcassets in Resources */,
			);
			runOnlyForDeploymentPostprocessing = 0;
		};
		03544E74199E649300F3EC01 /* Resources */ = {
			isa = PBXResourcesBuildPhase;
			buildActionMask = 2147483647;
			files = (
				03544E82199E649300F3EC01 /* InfoPlist.strings in Resources */,
			);
			runOnlyForDeploymentPostprocessing = 0;
		};
/* End PBXResourcesBuildPhase section */

/* Begin PBXSourcesBuildPhase section */
		03544E57199E649300F3EC01 /* Sources */ = {
			isa = PBXSourcesBuildPhase;
			buildActionMask = 2147483647;
			files = (
				03544E6F199E649300F3EC01 /* AppDelegate.m in Sources */,
				03544E6B199E649300F3EC01 /* main.m in Sources */,
			);
			runOnlyForDeploymentPostprocessing = 0;
		};
		03544E72199E649300F3EC01 /* Sources */ = {
			isa = PBXSourcesBuildPhase;
			buildActionMask = 2147483647;
			files = (
				03544E84199E649300F3EC01 /* JenkinsTestTests.m in Sources */,
			);
			runOnlyForDeploymentPostprocessing = 0;
		};
/* End PBXSourcesBuildPhase section */

/* Begin PBXTargetDependency section */
		03544E7C199E649300F3EC01 /* PBXTargetDependency */ = {
			isa = PBXTargetDependency;
			target = 03544E5A199E649300F3EC01 /* JenkinsTest */;
			targetProxy = 03544E7B199E649300F3EC01 /* PBXContainerItemProxy */;
		};
/* End PBXTargetDependency section */

/* Begin PBXVariantGroup section */
		03544E67199E649300F3EC01 /* InfoPlist.strings */ = {
			isa = PBXVariantGroup;
			children = (
				03544E68199E649300F3EC01 /* en */,
			);
			name = InfoPlist.strings;
			sourceTree = "<group>";
		};
		03544E80199E649300F3EC01 /* InfoPlist.strings */ = {
			isa = PBXVariantGroup;
			children = (
				03544E81199E649300F3EC01 /* en */,
			);
			name = InfoPlist.strings;
			sourceTree = "<group>";
		};
/* End PBXVariantGroup section */

/* Begin XCBuildConfiguration section */
		03544E85199E649300F3EC01 /* Debug */ = {
			isa = XCBuildConfiguration;
			buildSettings = {
				ALWAYS_SEARCH_USER_PATHS = NO;
				CLANG_CXX_LANGUAGE_STANDARD = "gnu++0x";
				CLANG_CXX_LIBRARY = "libc++";
				CLANG_ENABLE_MODULES = YES;
				CLANG_ENABLE_OBJC_ARC = YES;
				CLANG_WARN_BOOL_CONVERSION = YES;
				CLANG_WARN_CONSTANT_CONVERSION = YES;
				CLANG_WARN_DIRECT_OBJC_ISA_USAGE = YES_ERROR;
				CLANG_WARN_EMPTY_BODY = YES;
				CLANG_WARN_ENUM_CONVERSION = YES;
				CLANG_WARN_INT_CONVERSION = YES;
				CLANG_WARN_OBJC_ROOT_CLASS = YES_ERROR;
				CLANG_WARN__DUPLICATE_METHOD_MATCH = YES;
				"CODE_SIGN_IDENTITY[sdk=iphoneos*]" = "iPhone Developer";
				COPY_PHASE_STRIP = NO;
				GCC_C_LANGUAGE_STANDARD = gnu99;
				GCC_DYNAMIC_NO_PIC = NO;
				GCC_OPTIMIZATION_LEVEL = 0;
				GCC_PREPROCESSOR_DEFINITIONS = (
					"DEBUG=1",
					"$(inherited)",
				);
				GCC_SYMBOLS_PRIVATE_EXTERN = NO;
				GCC_WARN_64_TO_32_BIT_CONVERSION = YES;
				GCC_WARN_ABOUT_RETURN_TYPE = YES_ERROR;
				GCC_WARN_UNDECLARED_SELECTOR = YES;
				GCC_WARN_UNINITIALIZED_AUTOS = YES_AGGRESSIVE;
				GCC_WARN_UNUSED_FUNCTION = YES;
				GCC_WARN_UNUSED_VARIABLE = YES;
				IPHONEOS_DEPLOYMENT_TARGET = 7.1;
				ONLY_ACTIVE_ARCH = YES;
				SDKROOT = iphoneos;
			};
			name = Debug;
		};
		03544E86199E649300F3EC01 /* Release */ = {
			isa = XCBuildConfiguration;
			buildSettings = {
				ALWAYS_SEARCH_USER_PATHS = NO;
				CLANG_CXX_LANGUAGE_STANDARD = "gnu++0x";
				CLANG_CXX_LIBRARY = "libc++";
				CLANG_ENABLE_MODULES = YES;
				CLANG_ENABLE_OBJC_ARC = YES;
				CLANG_WARN_BOOL_CONVERSION = YES;
				CLANG_WARN_CONSTANT_CONVERSION = YES;
				CLANG_WARN_DIRECT_OBJC_ISA_USAGE = YES_ERROR;
				CLANG_WARN_EMPTY_BODY = YES;
				CLANG_WARN_ENUM_CONVERSION = YES;
				CLANG_WARN_INT_CONVERSION = YES;
				CLANG_WARN_OBJC_ROOT_CLASS = YES_ERROR;
				CLANG_WARN__DUPLICATE_METHOD_MATCH = YES;
				"CODE_SIGN_IDENTITY[sdk=iphoneos*]" = "iPhone Developer";
				COPY_PHASE_STRIP = YES;
				ENABLE_NS_ASSERTIONS = NO;
				GCC_C_LANGUAGE_STANDARD = gnu99;
				GCC_WARN_64_TO_32_BIT_CONVERSION = YES;
				GCC_WARN_ABOUT_RETURN_TYPE = YES_ERROR;
				GCC_WARN_UNDECLARED_SELECTOR = YES;
				GCC_WARN_UNINITIALIZED_AUTOS = YES_AGGRESSIVE;
				GCC_WARN_UNUSED_FUNCTION = YES;
				GCC_WARN_UNUSED_VARIABLE = YES;
				IPHONEOS_DEPLOYMENT_TARGET = 7.1;
				SDKROOT = iphoneos;
				VALIDATE_PRODUCT = YES;
			};
			name = Release;
		};
		03544E88199E649300F3EC01 /* Debug */ = {
			isa = XCBuildConfiguration;
			buildSettings = {
				ASSETCATALOG_COMPILER_APPICON_NAME = AppIcon;
				ASSETCATALOG_COMPILER_LAUNCHIMAGE_NAME = LaunchImage;
				GCC_PRECOMPILE_PREFIX_HEADER = YES;
				GCC_PREFIX_HEADER = "JenkinsTest/JenkinsTest-Prefix.pch";
				INFOPLIST_FILE = "JenkinsTest/JenkinsTest-Info.plist";
				PRODUCT_NAME = "$(TARGET_NAME)";
				WRAPPER_EXTENSION = app;
			};
			name = Debug;
		};
		03544E89199E649300F3EC01 /* Release */ = {
			isa = XCBuildConfiguration;
			buildSettings = {
				ASSETCATALOG_COMPILER_APPICON_NAME = AppIcon;
				ASSETCATALOG_COMPILER_LAUNCHIMAGE_NAME = LaunchImage;
				GCC_PRECOMPILE_PREFIX_HEADER = YES;
				GCC_PREFIX_HEADER = "JenkinsTest/JenkinsTest-Prefix.pch";
				INFOPLIST_FILE = "JenkinsTest/JenkinsTest-Info.plist";
				PRODUCT_NAME = "$(TARGET_NAME)";
				WRAPPER_EXTENSION = app;
			};
			name = Release;
		};
		03544E8B199E649300F3EC01 /* Debug */ = {
			isa = XCBuildConfiguration;
			buildSettings = {
				BUNDLE_LOADER = "$(BUILT_PRODUCTS_DIR)/JenkinsTest.app/JenkinsTest";
				FRAMEWORK_SEARCH_PATHS = (
					"$(SDKROOT)/Developer/Library/Frameworks",
					"$(inherited)",
					"$(DEVELOPER_FRAMEWORKS_DIR)",
				);
				GCC_PRECOMPILE_PREFIX_HEADER = YES;
				GCC_PREFIX_HEADER = "JenkinsTest/JenkinsTest-Prefix.pch";
				GCC_PREPROCESSOR_DEFINITIONS = (
					"DEBUG=1",
					"$(inherited)",
				);
				INFOPLIST_FILE = "JenkinsTestTests/JenkinsTestTests-Info.plist";
				PRODUCT_NAME = "$(TARGET_NAME)";
				TEST_HOST = "$(BUNDLE_LOADER)";
				WRAPPER_EXTENSION = xctest;
			};
			name = Debug;
		};
		03544E8C199E649300F3EC01 /* Release */ = {
			isa = XCBuildConfiguration;
			buildSettings = {
				BUNDLE_LOADER = "$(BUILT_PRODUCTS_DIR)/JenkinsTest.app/JenkinsTest";
				FRAMEWORK_SEARCH_PATHS = (
					"$(SDKROOT)/Developer/Library/Frameworks",
					"$(inherited)",
					"$(DEVELOPER_FRAMEWORKS_DIR)",
				);
				GCC_PRECOMPILE_PREFIX_HEADER = YES;
				GCC_PREFIX_HEADER = "JenkinsTest/JenkinsTest-Prefix.pch";
				INFOPLIST_FILE = "JenkinsTestTests/JenkinsTestTests-Info.plist";
				PRODUCT_NAME = "$(TARGET_NAME)";
				TEST_HOST = "$(BUNDLE_LOADER)";
				WRAPPER_EXTENSION = xctest;
			};
			name = Release;
		};
/* End XCBuildConfiguration section */

/* Begin XCConfigurationList section */
		03544E56199E649300F3EC01 /* Build configuration list for PBXProject "JenkinsTest" */ = {
			isa = XCConfigurationList;
			buildConfigurations = (
				03544E85199E649300F3EC01 /* Debug */,
				03544E86199E649300F3EC01 /* Release */,
			);
			defaultConfigurationIsVisible = 0;
			defaultConfigurationName = Release;
		};
		03544E87199E649300F3EC01 /* Build configuration list for PBXNativeTarget "JenkinsTest" */ = {
			isa = XCConfigurationList;
			buildConfigurations = (
				03544E88199E649300F3EC01 /* Debug */,
				03544E89199E649300F3EC01 /* Release */,
			);
			defaultConfigurationIsVisible = 0;
		};
		03544E8A199E649300F3EC01 /* Build configuration list for PBXNativeTarget "JenkinsTestTests" */ = {
			isa = XCConfigurationList;
			buildConfigurations = (
				03544E8B199E649300F3EC01 /* Debug */,
				03544E8C199E649300F3EC01 /* Release */,
			);
			defaultConfigurationIsVisible = 0;
		};
/* End XCConfigurationList section */
	};
	rootObject = 03544E53199E649300F3EC01 /* Project object */;
}
